{
  "requires": true,
  "lockfileVersion": 1,
  "dependencies": {
    "phaser": {
      "version": "2.6.2",
      "resolved": "https://registry.npmjs.org/phaser/-/phaser-2.6.2.tgz",
      "integrity": "sha1-6zkSFyWiFJxJ9GtdFEMYwivAkkk="
    },
    "phaser-ce": {
      "version": "2.7.5",
      "resolved": "https://registry.npmjs.org/phaser-ce/-/phaser-ce-2.7.5.tgz",
      "integrity": "sha1-cvHR1v99RzZGvEV2dOZLDwMzVKY="
    }
  }
}
